github.com/pham-anh/learn-lpic v0.0.0-20210608204016-ea94aaa1d318 h1:sFYuqzdts2PyiHN+TV6+vPO67faq0MQTUP6IXesD/YI=
github.com/pham-anh/learn-lpic v0.0.0-20210608204016-ea94aaa1d318/go.mod h1:HlDJALuz+tZ5ZJEaRa3Dt9v5mVPUvUmthtIm5rknP3I=
github.com/pham-anh/learn-lpic v0.0.0-20210608205433-1bd88f5b8521 h1:MuRfVaLiPjJ055msh+dGqAQMoTMTvNv0YMjn8Qoh+9Q=
github.com/pham-anh/learn-lpic v0.0.0-20210608205433-1bd88f5b8521/go.mod h1:HlDJALuz+tZ5ZJEaRa3Dt9v5mVPUvUmthtIm5rknP3I=
github.com/pham-anh/learn-lpic v0.0.0-20210608210249-024a89d66155 h1:ri9zXNYygLoNeOXKkxUlgXKIPUbSfDFrXsccNYKu3FY=
github.com/pham-anh/learn-lpic v0.0.0-20210608210249-024a89d66155/go.mod h1:HlDJALuz+tZ5ZJEaRa3Dt9v5mVPUvUmthtIm5rknP3I=
github.com/pham-anh/learn-lpic v0.0.0-20210608210537-0fe35ebc52ef h1:iXxecI5KL/p+sFxfhqp8pPHWlctYrzw5wwR3zNrvNLA=
github.com/pham-anh/learn-lpic v0.0.0-20210608210537-0fe35ebc52ef/go.mod h1:HlDJALuz+tZ5ZJEaRa3Dt9v5mVPUvUmthtIm5rknP3I=
